// !$*UTF8*$!
{
	archiveVersion = 1;
	classes = {
	};
	objectVersion = 56;
	objects = {

/* Begin PBXBuildFile section */
		876BA8AD2AFD801600C359F0 /* ChatUser.swift in Sources */ = {isa = PBXBuildFile; fileRef = 876BA8AC2AFD801600C359F0 /* ChatUser.swift */; };
		879676FD2AFDEF190046BDA5 /* CreateNewMessageView.swift in Sources */ = {isa = PBXBuildFile; fileRef = 879676FC2AFDEF190046BDA5 /* CreateNewMessageView.swift */; };
		879677002AFF309C0046BDA5 /* ChatLogView.swift in Sources */ = {isa = PBXBuildFile; fileRef = 879676FF2AFF309C0046BDA5 /* ChatLogView.swift */; };
		87B2D3482B0114F6003FB28B /* FirebaseAuth in Frameworks */ = {isa = PBXBuildFile; productRef = 87B2D3472B0114F6003FB28B /* FirebaseAuth */; };
		87B2D34A2B0114F6003FB28B /* FirebaseFirestore in Frameworks */ = {isa = PBXBuildFile; productRef = 87B2D3492B0114F6003FB28B /* FirebaseFirestore */; };
		87B2D34C2B0114F6003FB28B /* FirebaseFirestoreSwift-Beta in Frameworks */ = {isa = PBXBuildFile; productRef = 87B2D34B2B0114F6003FB28B /* FirebaseFirestoreSwift-Beta */; };
		87B2D34E2B0114F6003FB28B /* FirebaseStorage in Frameworks */ = {isa = PBXBuildFile; productRef = 87B2D34D2B0114F6003FB28B /* FirebaseStorage */; };
		87B90D012AFC48F600D7EFA0 /* MainMessagesView.swift in Sources */ = {isa = PBXBuildFile; fileRef = 87B90D002AFC48F600D7EFA0 /* MainMessagesView.swift */; };
		87B90D042AFC7EF200D7EFA0 /* FirebaseManager.swift in Sources */ = {isa = PBXBuildFile; fileRef = 87B90D032AFC7EF200D7EFA0 /* FirebaseManager.swift */; };
		87B90D072AFC875500D7EFA0 /* SDWebImageSwiftUI in Frameworks */ = {isa = PBXBuildFile; productRef = 87B90D062AFC875500D7EFA0 /* SDWebImageSwiftUI */; };
		87BA57C92B0110DA0022DE89 /* RecentMessage.swift in Sources */ = {isa = PBXBuildFile; fileRef = 87BA57C82B0110DA0022DE89 /* RecentMessage.swift */; };
		87EA51DC2AFBD39A00E4835D /* MessengerSwiftUIApp.swift in Sources */ = {isa = PBXBuildFile; fileRef = 87EA51DB2AFBD39A00E4835D /* MessengerSwiftUIApp.swift */; };
		87EA51DE2AFBD39A00E4835D /* LoginView.swift in Sources */ = {isa = PBXBuildFile; fileRef = 87EA51DD2AFBD39A00E4835D /* LoginView.swift */; };
		87EA51E02AFBD39B00E4835D /* Assets.xcassets in Resources */ = {isa = PBXBuildFile; fileRef = 87EA51DF2AFBD39B00E4835D /* Assets.xcassets */; };
		87EA51E32AFBD39B00E4835D /* Preview Assets.xcassets in Resources */ = {isa = PBXBuildFile; fileRef = 87EA51E22AFBD39B00E4835D /* Preview Assets.xcassets */; };
		87EA51EF2AFBEC4A00E4835D /* GoogleService-Info.plist in Resources */ = {isa = PBXBuildFile; fileRef = 87EA51EE2AFBEC4A00E4835D /* GoogleService-Info.plist */; };
		87EA51F12AFBF6D700E4835D /* ImagePicker.swift in Sources */ = {isa = PBXBuildFile; fileRef = 87EA51F02AFBF6D700E4835D /* ImagePicker.swift */; };
/* End PBXBuildFile section */

/* Begin PBXFileReference section */
		876BA8AC2AFD801600C359F0 /* ChatUser.swift */ = {isa = PBXFileReference; lastKnownFileType = sourcecode.swift; path = ChatUser.swift; sourceTree = "<group>"; };
		879676FC2AFDEF190046BDA5 /* CreateNewMessageView.swift */ = {isa = PBXFileReference; lastKnownFileType = sourcecode.swift; path = CreateNewMessageView.swift; sourceTree = "<group>"; };
		879676FF2AFF309C0046BDA5 /* ChatLogView.swift */ = {isa = PBXFileReference; lastKnownFileType = sourcecode.swift; path = ChatLogView.swift; sourceTree = "<group>"; };
		87B90D002AFC48F600D7EFA0 /* MainMessagesView.swift */ = {isa = PBXFileReference; lastKnownFileType = sourcecode.swift; path = MainMessagesView.swift; sourceTree = "<group>"; };
		87B90D032AFC7EF200D7EFA0 /* FirebaseManager.swift */ = {isa = PBXFileReference; lastKnownFileType = sourcecode.swift; path = FirebaseManager.swift; sourceTree = "<group>"; };
		87BA57C82B0110DA0022DE89 /* RecentMessage.swift */ = {isa = PBXFileReference; lastKnownFileType = sourcecode.swift; path = RecentMessage.swift; sourceTree = "<group>"; };
		87EA51D82AFBD39A00E4835D /* MessengerSwiftUI.app */ = {isa = PBXFileReference; explicitFileType = wrapper.application; includeInIndex = 0; path = MessengerSwiftUI.app; sourceTree = BUILT_PRODUCTS_DIR; };
		87EA51DB2AFBD39A00E4835D /* MessengerSwiftUIApp.swift */ = {isa = PBXFileReference; lastKnownFileType = sourcecode.swift; path = MessengerSwiftUIApp.swift; sourceTree = "<group>"; };
		87EA51DD2AFBD39A00E4835D /* LoginView.swift */ = {isa = PBXFileReference; lastKnownFileType = sourcecode.swift; path = LoginView.swift; sourceTree = "<group>"; };
		87EA51DF2AFBD39B00E4835D /* Assets.xcassets */ = {isa = PBXFileReference; lastKnownFileType = folder.assetcatalog; path = Assets.xcassets; sourceTree = "<group>"; };
		87EA51E22AFBD39B00E4835D /* Preview Assets.xcassets */ = {isa = PBXFileReference; lastKnownFileType = folder.assetcatalog; path = "Preview Assets.xcassets"; sourceTree = "<group>"; };
		87EA51EE2AFBEC4A00E4835D /* GoogleService-Info.plist */ = {isa = PBXFileReference; fileEncoding = 4; lastKnownFileType = text.plist.xml; path = "GoogleService-Info.plist"; sourceTree = "<group>"; };
		87EA51F02AFBF6D700E4835D /* ImagePicker.swift */ = {isa = PBXFileReference; lastKnownFileType = sourcecode.swift; path = ImagePicker.swift; sourceTree = "<group>"; };
/* End PBXFileReference section */

/* Begin PBXFrameworksBuildPhase section */
		87EA51D52AFBD39A00E4835D /* Frameworks */ = {
			isa = PBXFrameworksBuildPhase;
			buildActionMask = 2147483647;
			files = (
				87B90D072AFC875500D7EFA0 /* SDWebImageSwiftUI in Frameworks */,
				87B2D34C2B0114F6003FB28B /* FirebaseFirestoreSwift-Beta in Frameworks */,
				87B2D3482B0114F6003FB28B /* FirebaseAuth in Frameworks */,
				87B2D34E2B0114F6003FB28B /* FirebaseStorage in Frameworks */,
				87B2D34A2B0114F6003FB28B /* FirebaseFirestore in Frameworks */,
			);
			runOnlyForDeploymentPostprocessing = 0;
		};
/* End PBXFrameworksBuildPhase section */

/* Begin PBXGroup section */
		876BA8AB2AFD7FFF00C359F0 /* Model */ = {
			isa = PBXGroup;
			children = (
				876BA8AC2AFD801600C359F0 /* ChatUser.swift */,
				87BA57C82B0110DA0022DE89 /* RecentMessage.swift */,
			);
			path = Model;
			sourceTree = "<group>";
		};
		879676FB2AFDEF030046BDA5 /* NewMessage */ = {
			isa = PBXGroup;
			children = (
				879676FC2AFDEF190046BDA5 /* CreateNewMessageView.swift */,
			);
			path = NewMessage;
			sourceTree = "<group>";
		};
		879676FE2AFF30800046BDA5 /* Chat */ = {
			isa = PBXGroup;
			children = (
				879676FF2AFF309C0046BDA5 /* ChatLogView.swift */,
			);
			path = Chat;
			sourceTree = "<group>";
		};
		87B90D022AFC7EDB00D7EFA0 /* Utils */ = {
			isa = PBXGroup;
			children = (
				87B90D032AFC7EF200D7EFA0 /* FirebaseManager.swift */,
			);
			path = Utils;
			sourceTree = "<group>";
		};
		87EA51CF2AFBD39A00E4835D = {
			isa = PBXGroup;
			children = (
				87EA51DA2AFBD39A00E4835D /* MessengerSwiftUI */,
				87EA51D92AFBD39A00E4835D /* Products */,
			);
			sourceTree = "<group>";
		};
		87EA51D92AFBD39A00E4835D /* Products */ = {
			isa = PBXGroup;
			children = (
				87EA51D82AFBD39A00E4835D /* MessengerSwiftUI.app */,
			);
			name = Products;
			sourceTree = "<group>";
		};
		87EA51DA2AFBD39A00E4835D /* MessengerSwiftUI */ = {
			isa = PBXGroup;
			children = (
				876BA8AB2AFD7FFF00C359F0 /* Model */,
				87B90D022AFC7EDB00D7EFA0 /* Utils */,
				87EA52072AFC488600E4835D /* MainMessages */,
				87EA51DB2AFBD39A00E4835D /* MessengerSwiftUIApp.swift */,
				87EA51DD2AFBD39A00E4835D /* LoginView.swift */,
				87EA51F02AFBF6D700E4835D /* ImagePicker.swift */,
				87EA51EE2AFBEC4A00E4835D /* GoogleService-Info.plist */,
				87EA51DF2AFBD39B00E4835D /* Assets.xcassets */,
				87EA51E12AFBD39B00E4835D /* Preview Content */,
			);
			path = MessengerSwiftUI;
			sourceTree = "<group>";
		};
		87EA51E12AFBD39B00E4835D /* Preview Content */ = {
			isa = PBXGroup;
			children = (
				87EA51E22AFBD39B00E4835D /* Preview Assets.xcassets */,
			);
			path = "Preview Content";
			sourceTree = "<group>";
		};
		87EA52072AFC488600E4835D /* MainMessages */ = {
			isa = PBXGroup;
			children = (
				879676FE2AFF30800046BDA5 /* Chat */,
				879676FB2AFDEF030046BDA5 /* NewMessage */,
				87B90D002AFC48F600D7EFA0 /* MainMessagesView.swift */,
			);
			path = MainMessages;
			sourceTree = "<group>";
		};
/* End PBXGroup section */

/* Begin PBXNativeTarget section */
		87EA51D72AFBD39A00E4835D /* MessengerSwiftUI */ = {
			isa = PBXNativeTarget;
			buildConfigurationList = 87EA51E62AFBD39B00E4835D /* Build configuration list for PBXNativeTarget "MessengerSwiftUI" */;
			buildPhases = (
				87EA51D42AFBD39A00E4835D /* Sources */,
				87EA51D52AFBD39A00E4835D /* Frameworks */,
				87EA51D62AFBD39A00E4835D /* Resources */,
			);
			buildRules = (
			);
			dependencies = (
			);
			name = MessengerSwiftUI;
			packageProductDependencies = (
				87B90D062AFC875500D7EFA0 /* SDWebImageSwiftUI */,
				87B2D3472B0114F6003FB28B /* FirebaseAuth */,
				87B2D3492B0114F6003FB28B /* FirebaseFirestore */,
				87B2D34B2B0114F6003FB28B /* FirebaseFirestoreSwift-Beta */,
				87B2D34D2B0114F6003FB28B /* FirebaseStorage */,
			);
			productName = MessengerSwiftUI;
			productReference = 87EA51D82AFBD39A00E4835D /* MessengerSwiftUI.app */;
			productType = "com.apple.product-type.application";
		};
/* End PBXNativeTarget section */

/* Begin PBXProject section */
		87EA51D02AFBD39A00E4835D /* Project object */ = {
			isa = PBXProject;
			attributes = {
				BuildIndependentTargetsInParallel = 1;
				LastSwiftUpdateCheck = 1420;
				LastUpgradeCheck = 1420;
				TargetAttributes = {
					87EA51D72AFBD39A00E4835D = {
						CreatedOnToolsVersion = 14.2;
					};
				};
			};
			buildConfigurationList = 87EA51D32AFBD39A00E4835D /* Build configuration list for PBXProject "MessengerSwiftUI" */;
			compatibilityVersion = "Xcode 14.0";
			developmentRegion = en;
			hasScannedForEncodings = 0;
			knownRegions = (
				en,
				Base,
			);
			mainGroup = 87EA51CF2AFBD39A00E4835D;
			packageReferences = (
				87B90D052AFC875500D7EFA0 /* XCRemoteSwiftPackageReference "SDWebImageSwiftUI" */,
				87B2D3462B0114F6003FB28B /* XCRemoteSwiftPackageReference "firebase-ios-sdk" */,
			);
			productRefGroup = 87EA51D92AFBD39A00E4835D /* Products */;
			projectDirPath = "";
			projectRoot = "";
			targets = (
				87EA51D72AFBD39A00E4835D /* MessengerSwiftUI */,
			);
		};
/* End PBXProject section */

/* Begin PBXResourcesBuildPhase section */
		87EA51D62AFBD39A00E4835D /* Resources */ = {
			isa = PBXResourcesBuildPhase;
			buildActionMask = 2147483647;
			files = (
				87EA51E32AFBD39B00E4835D /* Preview Assets.xcassets in Resources */,
				87EA51E02AFBD39B00E4835D /* Assets.xcassets in Resources */,
				87EA51EF2AFBEC4A00E4835D /* GoogleService-Info.plist in Resources */,
			);
			runOnlyForDeploymentPostprocessing = 0;
		};
/* End PBXResourcesBuildPhase section */

/* Begin PBXSourcesBuildPhase section */
		87EA51D42AFBD39A00E4835D /* Sources */ = {
			isa = PBXSourcesBuildPhase;
			buildActionMask = 2147483647;
			files = (
				876BA8AD2AFD801600C359F0 /* ChatUser.swift in Sources */,
				879677002AFF309C0046BDA5 /* ChatLogView.swift in Sources */,
				87BA57C92B0110DA0022DE89 /* RecentMessage.swift in Sources */,
				87EA51F12AFBF6D700E4835D /* ImagePicker.swift in Sources */,
				87B90D012AFC48F600D7EFA0 /* MainMessagesView.swift in Sources */,
				87B90D042AFC7EF200D7EFA0 /* FirebaseManager.swift in Sources */,
				879676FD2AFDEF190046BDA5 /* CreateNewMessageView.swift in Sources */,
				87EA51DE2AFBD39A00E4835D /* LoginView.swift in Sources */,
				87EA51DC2AFBD39A00E4835D /* MessengerSwiftUIApp.swift in Sources */,
			);
			runOnlyForDeploymentPostprocessing = 0;
		};
/* End PBXSourcesBuildPhase section */

/* Begin XCBuildConfiguration section */
		87EA51E42AFBD39B00E4835D /* Debug */ = {
			isa = XCBuildConfiguration;
			buildSettings = {
				ALWAYS_SEARCH_USER_PATHS = NO;
				CLANG_ANALYZER_NONNULL = YES;
				CLANG_ANALYZER_NUMBER_OBJECT_CONVERSION = YES_AGGRESSIVE;
				CLANG_CXX_LANGUAGE_STANDARD = "gnu++20";
				CLANG_ENABLE_MODULES = YES;
				CLANG_ENABLE_OBJC_ARC = YES;
				CLANG_ENABLE_OBJC_WEAK = YES;
				CLANG_WARN_BLOCK_CAPTURE_AUTORELEASING = YES;
				CLANG_WARN_BOOL_CONVERSION = YES;
				CLANG_WARN_COMMA = YES;
				CLANG_WARN_CONSTANT_CONVERSION = YES;
				CLANG_WARN_DEPRECATED_OBJC_IMPLEMENTATIONS = YES;
				CLANG_WARN_DIRECT_OBJC_ISA_USAGE = YES_ERROR;
				CLANG_WARN_DOCUMENTATION_COMMENTS = YES;
				CLANG_WARN_EMPTY_BODY = YES;
				CLANG_WARN_ENUM_CONVERSION = YES;
				CLANG_WARN_INFINITE_RECURSION = YES;
				CLANG_WARN_INT_CONVERSION = YES;
				CLANG_WARN_NON_LITERAL_NULL_CONVERSION = YES;
				CLANG_WARN_OBJC_IMPLICIT_RETAIN_SELF = YES;
				CLANG_WARN_OBJC_LITERAL_CONVERSION = YES;
				CLANG_WARN_OBJC_ROOT_CLASS = YES_ERROR;
				CLANG_WARN_QUOTED_INCLUDE_IN_FRAMEWORK_HEADER = YES;
				CLANG_WARN_RANGE_LOOP_ANALYSIS = YES;
				CLANG_WARN_STRICT_PROTOTYPES = YES;
				CLANG_WARN_SUSPICIOUS_MOVE = YES;
				CLANG_WARN_UNGUARDED_AVAILABILITY = YES_AGGRESSIVE;
				CLANG_WARN_UNREACHABLE_CODE = YES;
				CLANG_WARN__DUPLICATE_METHOD_MATCH = YES;
				COPY_PHASE_STRIP = NO;
				DEBUG_INFORMATION_FORMAT = dwarf;
				ENABLE_STRICT_OBJC_MSGSEND = YES;
				ENABLE_TESTABILITY = YES;
				GCC_C_LANGUAGE_STANDARD = gnu11;
				GCC_DYNAMIC_NO_PIC = NO;
				GCC_NO_COMMON_BLOCKS = YES;
				GCC_OPTIMIZATION_LEVEL = 0;
				GCC_PREPROCESSOR_DEFINITIONS = (
					"DEBUG=1",
					"$(inherited)",
				);
				GCC_WARN_64_TO_32_BIT_CONVERSION = YES;
				GCC_WARN_ABOUT_RETURN_TYPE = YES_ERROR;
				GCC_WARN_UNDECLARED_SELECTOR = YES;
				GCC_WARN_UNINITIALIZED_AUTOS = YES_AGGRESSIVE;
				GCC_WARN_UNUSED_FUNCTION = YES;
				GCC_WARN_UNUSED_VARIABLE = YES;
				IPHONEOS_DEPLOYMENT_TARGET = 16.2;
				MTL_ENABLE_DEBUG_INFO = INCLUDE_SOURCE;
				MTL_FAST_MATH = YES;
				ONLY_ACTIVE_ARCH = YES;
				SDKROOT = iphoneos;
				SWIFT_ACTIVE_COMPILATION_CONDITIONS = DEBUG;
				SWIFT_OPTIMIZATION_LEVEL = "-Onone";
			};
			name = Debug;
		};
		87EA51E52AFBD39B00E4835D /* Release */ = {
			isa = XCBuildConfiguration;
			buildSettings = {
				ALWAYS_SEARCH_USER_PATHS = NO;
				CLANG_ANALYZER_NONNULL = YES;
				CLANG_ANALYZER_NUMBER_OBJECT_CONVERSION = YES_AGGRESSIVE;
				CLANG_CXX_LANGUAGE_STANDARD = "gnu++20";
				CLANG_ENABLE_MODULES = YES;
				CLANG_ENABLE_OBJC_ARC = YES;
				CLANG_ENABLE_OBJC_WEAK = YES;
				CLANG_WARN_BLOCK_CAPTURE_AUTORELEASING = YES;
				CLANG_WARN_BOOL_CONVERSION = YES;
				CLANG_WARN_COMMA = YES;
				CLANG_WARN_CONSTANT_CONVERSION = YES;
				CLANG_WARN_DEPRECATED_OBJC_IMPLEMENTATIONS = YES;
				CLANG_WARN_DIRECT_OBJC_ISA_USAGE = YES_ERROR;
				CLANG_WARN_DOCUMENTATION_COMMENTS = YES;
				CLANG_WARN_EMPTY_BODY = YES;
				CLANG_WARN_ENUM_CONVERSION = YES;
				CLANG_WARN_INFINITE_RECURSION = YES;
				CLANG_WARN_INT_CONVERSION = YES;
				CLANG_WARN_NON_LITERAL_NULL_CONVERSION = YES;
				CLANG_WARN_OBJC_IMPLICIT_RETAIN_SELF = YES;
				CLANG_WARN_OBJC_LITERAL_CONVERSION = YES;
				CLANG_WARN_OBJC_ROOT_CLASS = YES_ERROR;
				CLANG_WARN_QUOTED_INCLUDE_IN_FRAMEWORK_HEADER = YES;
				CLANG_WARN_RANGE_LOOP_ANALYSIS = YES;
				CLANG_WARN_STRICT_PROTOTYPES = YES;
				CLANG_WARN_SUSPICIOUS_MOVE = YES;
				CLANG_WARN_UNGUARDED_AVAILABILITY = YES_AGGRESSIVE;
				CLANG_WARN_UNREACHABLE_CODE = YES;
				CLANG_WARN__DUPLICATE_METHOD_MATCH = YES;
				COPY_PHASE_STRIP = NO;
				DEBUG_INFORMATION_FORMAT = "dwarf-with-dsym";
				ENABLE_NS_ASSERTIONS = NO;
				ENABLE_STRICT_OBJC_MSGSEND = YES;
				GCC_C_LANGUAGE_STANDARD = gnu11;
				GCC_NO_COMMON_BLOCKS = YES;
				GCC_WARN_64_TO_32_BIT_CONVERSION = YES;
				GCC_WARN_ABOUT_RETURN_TYPE = YES_ERROR;
				GCC_WARN_UNDECLARED_SELECTOR = YES;
				GCC_WARN_UNINITIALIZED_AUTOS = YES_AGGRESSIVE;
				GCC_WARN_UNUSED_FUNCTION = YES;
				GCC_WARN_UNUSED_VARIABLE = YES;
				IPHONEOS_DEPLOYMENT_TARGET = 16.2;
				MTL_ENABLE_DEBUG_INFO = NO;
				MTL_FAST_MATH = YES;
				SDKROOT = iphoneos;
				SWIFT_COMPILATION_MODE = wholemodule;
				SWIFT_OPTIMIZATION_LEVEL = "-O";
				VALIDATE_PRODUCT = YES;
			};
			name = Release;
		};
		87EA51E72AFBD39B00E4835D /* Debug */ = {
			isa = XCBuildConfiguration;
			buildSettings = {
				ASSETCATALOG_COMPILER_APPICON_NAME = AppIcon;
				ASSETCATALOG_COMPILER_GLOBAL_ACCENT_COLOR_NAME = AccentColor;
				CODE_SIGN_STYLE = Automatic;
				CURRENT_PROJECT_VERSION = 1;
				DEVELOPMENT_ASSET_PATHS = "\"MessengerSwiftUI/Preview Content\"";
				ENABLE_PREVIEWS = YES;
				GENERATE_INFOPLIST_FILE = YES;
				INFOPLIST_KEY_UIApplicationSceneManifest_Generation = YES;
				INFOPLIST_KEY_UIApplicationSupportsIndirectInputEvents = YES;
				INFOPLIST_KEY_UILaunchScreen_Generation = YES;
				INFOPLIST_KEY_UISupportedInterfaceOrientations_iPad = "UIInterfaceOrientationPortrait UIInterfaceOrientationPortraitUpsideDown UIInterfaceOrientationLandscapeLeft UIInterfaceOrientationLandscapeRight";
				INFOPLIST_KEY_UISupportedInterfaceOrientations_iPhone = "UIInterfaceOrientationPortrait UIInterfaceOrientationLandscapeLeft UIInterfaceOrientationLandscapeRight";
				LD_RUNPATH_SEARCH_PATHS = (
					"$(inherited)",
					"@executable_path/Frameworks",
				);
				MARKETING_VERSION = 1.0;
				PRODUCT_BUNDLE_IDENTIFIER = ydlabs.MessengerSwiftUI;
				PRODUCT_NAME = "$(TARGET_NAME)";
				SWIFT_EMIT_LOC_STRINGS = YES;
				SWIFT_VERSION = 5.0;
				TARGETED_DEVICE_FAMILY = "1,2";
			};
			name = Debug;
		};
		87EA51E82AFBD39B00E4835D /* Release */ = {
			isa = XCBuildConfiguration;
			buildSettings = {
				ASSETCATALOG_COMPILER_APPICON_NAME = AppIcon;
				ASSETCATALOG_COMPILER_GLOBAL_ACCENT_COLOR_NAME = AccentColor;
				CODE_SIGN_STYLE = Automatic;
				CURRENT_PROJECT_VERSION = 1;
				DEVELOPMENT_ASSET_PATHS = "\"MessengerSwiftUI/Preview Content\"";
				ENABLE_PREVIEWS = YES;
				GENERATE_INFOPLIST_FILE = YES;
				INFOPLIST_KEY_UIApplicationSceneManifest_Generation = YES;
				INFOPLIST_KEY_UIApplicationSupportsIndirectInputEvents = YES;
				INFOPLIST_KEY_UILaunchScreen_Generation = YES;
				INFOPLIST_KEY_UISupportedInterfaceOrientations_iPad = "UIInterfaceOrientationPortrait UIInterfaceOrientationPortraitUpsideDown UIInterfaceOrientationLandscapeLeft UIInterfaceOrientationLandscapeRight";
				INFOPLIST_KEY_UISupportedInterfaceOrientations_iPhone = "UIInterfaceOrientationPortrait UIInterfaceOrientationLandscapeLeft UIInterfaceOrientationLandscapeRight";
				LD_RUNPATH_SEARCH_PATHS = (
					"$(inherited)",
					"@executable_path/Frameworks",
				);
				MARKETING_VERSION = 1.0;
				PRODUCT_BUNDLE_IDENTIFIER = ydlabs.MessengerSwiftUI;
				PRODUCT_NAME = "$(TARGET_NAME)";
				SWIFT_EMIT_LOC_STRINGS = YES;
				SWIFT_VERSION = 5.0;
				TARGETED_DEVICE_FAMILY = "1,2";
			};
			name = Release;
		};
/* End XCBuildConfiguration section */

/* Begin XCConfigurationList section */
		87EA51D32AFBD39A00E4835D /* Build configuration list for PBXProject "MessengerSwiftUI" */ = {
			isa = XCConfigurationList;
			buildConfigurations = (
				87EA51E42AFBD39B00E4835D /* Debug */,
				87EA51E52AFBD39B00E4835D /* Release */,
			);
			defaultConfigurationIsVisible = 0;
			defaultConfigurationName = Release;
		};
		87EA51E62AFBD39B00E4835D /* Build configuration list for PBXNativeTarget "MessengerSwiftUI" */ = {
			isa = XCConfigurationList;
			buildConfigurations = (
				87EA51E72AFBD39B00E4835D /* Debug */,
				87EA51E82AFBD39B00E4835D /* Release */,
			);
			defaultConfigurationIsVisible = 0;
			defaultConfigurationName = Release;
		};
/* End XCConfigurationList section */

/* Begin XCRemoteSwiftPackageReference section */
		87B2D3462B0114F6003FB28B /* XCRemoteSwiftPackageReference "firebase-ios-sdk" */ = {
			isa = XCRemoteSwiftPackageReference;
			repositoryURL = "https://github.com/firebase/firebase-ios-sdk.git";
			requirement = {
				kind = upToNextMajorVersion;
				minimumVersion = 8.0.0;
			};
		};
		87B90D052AFC875500D7EFA0 /* XCRemoteSwiftPackageReference "SDWebImageSwiftUI" */ = {
			isa = XCRemoteSwiftPackageReference;
			repositoryURL = "https://github.com/SDWebImage/SDWebImageSwiftUI.git";
			requirement = {
				branch = master;
				kind = branch;
			};
		};
/* End XCRemoteSwiftPackageReference section */

/* Begin XCSwiftPackageProductDependency section */
		87B2D3472B0114F6003FB28B /* FirebaseAuth */ = {
			isa = XCSwiftPackageProductDependency;
			package = 87B2D3462B0114F6003FB28B /* XCRemoteSwiftPackageReference "firebase-ios-sdk" */;
			productName = FirebaseAuth;
		};
		87B2D3492B0114F6003FB28B /* FirebaseFirestore */ = {
			isa = XCSwiftPackageProductDependency;
			package = 87B2D3462B0114F6003FB28B /* XCRemoteSwiftPackageReference "firebase-ios-sdk" */;
			productName = FirebaseFirestore;
		};
		87B2D34B2B0114F6003FB28B /* FirebaseFirestoreSwift-Beta */ = {
			isa = XCSwiftPackageProductDependency;
			package = 87B2D3462B0114F6003FB28B /* XCRemoteSwiftPackageReference "firebase-ios-sdk" */;
			productName = "FirebaseFirestoreSwift-Beta";
		};
		87B2D34D2B0114F6003FB28B /* FirebaseStorage */ = {
			isa = XCSwiftPackageProductDependency;
			package = 87B2D3462B0114F6003FB28B /* XCRemoteSwiftPackageReference "firebase-ios-sdk" */;
			productName = FirebaseStorage;
		};
		87B90D062AFC875500D7EFA0 /* SDWebImageSwiftUI */ = {
			isa = XCSwiftPackageProductDependency;
			package = 87B90D052AFC875500D7EFA0 /* XCRemoteSwiftPackageReference "SDWebImageSwiftUI" */;
			productName = SDWebImageSwiftUI;
		};
/* End XCSwiftPackageProductDependency section */
	};
	rootObject = 87EA51D02AFBD39A00E4835D /* Project object */;
}
